
Microsoft Visual Studio Solution File, Format Version 12.00
# Visual Studio Version 17
VisualStudioVersion = 17.1.32407.343
MinimumVisualStudioVersion = 10.0.40219.1
Project("{FAE04EC0-301F-11D3-BF4B-00C04F79EFBC}") = "yaWarmingTeamcenter", "yaWarmingTeamcenter\yaWarmingTeamcenter.csproj", "{7086F0FD-F37F-4A6F-AB85-A295634C3019}"
EndProject
Global
	GlobalSection(SolutionConfigurationPlatforms) = preSolution
		Debug|Any CPU = Debug|Any CPU
		Release|Any CPU = Release|Any CPU
	EndGlobalSection
	GlobalSection(ProjectConfigurationPlatforms) = postSolution
		{7086F0FD-F37F-4A6F-AB85-A295634C3019}.Debug|Any CPU.ActiveCfg = Debug|Any CPU
		{7086F0FD-F37F-4A6F-AB85-A295634C3019}.Debug|Any CPU.Build.0 = Debug|Any CPU
		{7086F0FD-F37F-4A6F-AB85-A295634C3019}.Release|Any CPU.ActiveCfg = Release|Any CPU
		{7086F0FD-F37F-4A6F-AB85-A295634C3019}.Release|Any CPU.Build.0 = Release|Any CPU
	EndGlobalSection
	GlobalSection(SolutionProperties) = preSolution
		HideSolutionNode = FALSE
	EndGlobalSection
	GlobalSection(ExtensibilityGlobals) = postSolution
		SolutionGuid = {CCB9CC17-A317-4194-8E52-1E8327806836}
	EndGlobalSection
EndGlobal
